{
    "name": "code-clip-ring",
    "version": "0.4.1",
    "lockfileVersion": 2,
    "requires": true,
    "packages": {
        "": {
            "version": "0.4.1",
            "devDependencies": {
                "@types/node": "^15.3.0",
                "@types/vscode": "^1.56.0",
                "typescript": "^4.2.4"
            },
            "engines": {
                "vscode": "^1.30.1"
            }
        },
        "node_modules/@types/node": {
            "version": "15.3.0",
            "resolved": "https://registry.npmjs.org/@types/node/-/node-15.3.0.tgz",
            "integrity": "sha512-8/bnjSZD86ZfpBsDlCIkNXIvm+h6wi9g7IqL+kmFkQ+Wvu3JrasgLElfiPgoo8V8vVfnEi0QVS12gbl94h9YsQ==",
            "dev": true
        },
        "node_modules/@types/vscode": {
            "version": "1.56.0",
            "resolved": "https://registry.npmjs.org/@types/vscode/-/vscode-1.56.0.tgz",
            "integrity": "sha512-Q5VmQxOx+L1Y6lIJiGcJzwcyV3pQo/eiW8P+7sNLhFI16tJCwtua2DLjHRcpjbCLNVYpQM73kzfFo1Z0HyP9eQ==",
            "dev": true,
            "license": "MIT"
        },
        "node_modules/typescript": {
            "version": "4.2.4",
            "resolved": "https://registry.npmjs.org/typescript/-/typescript-4.2.4.tgz",
            "integrity": "sha512-V+evlYHZnQkaz8TRBuxTA92yZBPotr5H+WhQ7bD3hZUndx5tGOa1fuCgeSjxAzM1RiN5IzvadIXTVefuuwZCRg==",
            "dev": true,
            "bin": {
                "tsc": "bin/tsc",
                "tsserver": "bin/tsserver"
            },
            "engines": {
                "node": ">=4.2.0"
            }
        }
    },
    "dependencies": {
        "@types/node": {
            "version": "15.3.0",
            "resolved": "https://registry.npmjs.org/@types/node/-/node-15.3.0.tgz",
            "integrity": "sha512-8/bnjSZD86ZfpBsDlCIkNXIvm+h6wi9g7IqL+kmFkQ+Wvu3JrasgLElfiPgoo8V8vVfnEi0QVS12gbl94h9YsQ==",
            "dev": true
        },
        "@types/vscode": {
            "version": "1.56.0",
            "resolved": "https://registry.npmjs.org/@types/vscode/-/vscode-1.56.0.tgz",
            "integrity": "sha512-Q5VmQxOx+L1Y6lIJiGcJzwcyV3pQo/eiW8P+7sNLhFI16tJCwtua2DLjHRcpjbCLNVYpQM73kzfFo1Z0HyP9eQ==",
            "dev": true
        },
        "typescript": {
            "version": "4.2.4",
            "resolved": "https://registry.npmjs.org/typescript/-/typescript-4.2.4.tgz",
            "integrity": "sha512-V+evlYHZnQkaz8TRBuxTA92yZBPotr5H+WhQ7bD3hZUndx5tGOa1fuCgeSjxAzM1RiN5IzvadIXTVefuuwZCRg==",
            "dev": true
        }
    }
}
